{
  "version": 2,
  "dependencies": {
    "net8.0": {
      "EasyBuild.FileSystemProvider": {
        "type": "Direct",
        "requested": "[0.3.0, )",
        "resolved": "0.3.0",
        "contentHash": "gdVJpqcMDJm4IfmITy3MtpEn/lo9pH8PirVlENtXGX9Sdw3rCgoo9ch1TAthUseh28RcUGWwza9BmEWlrQX/Aw=="
      },
      "FSharp.Core": {
        "type": "Direct",
        "requested": "[8.0.101, )",
        "resolved": "8.0.101",
        "contentHash": "sOLz3O4BOxnTKfd5OChdRmDUy4Id0GfoEClRG4nzIod8LY1LJZcNyygKAV0A78XOLh8yvhA5hsDYKZXGCR9blw=="
      },
      "Microsoft.NET.Test.Sdk": {
        "type": "Direct",
        "requested": "[17.10.0, )",
        "resolved": "17.10.0",
        "contentHash": "0/2HeACkaHEYU3wc83YlcD2Fi4LMtECJjqrtvw0lPi9DCEa35zSPt1j4fuvM8NagjDqJuh1Ja35WcRtn1Um6/A==",
        "dependencies": {
          "Microsoft.CodeCoverage": "17.10.0",
          "Microsoft.TestPlatform.TestHost": "17.10.0"
        }
      },
      "NUnit": {
        "type": "Direct",
        "requested": "[4.1.0, )",
        "resolved": "4.1.0",
        "contentHash": "MT/DpAhjtiytzhTgTqIhBuWx4y26PKfDepYUHUM+5uv4TsryHC2jwFo5e6NhWkApCm/G6kZ80dRjdJFuAxq3rg=="
      },
      "NUnit.Analyzers": {
        "type": "Direct",
        "requested": "[4.2.0, )",
        "resolved": "4.2.0",
        "contentHash": "4fJojPkzdoa4nB2+p6U+fITvPnVvwWSnsmiJ/Dl30xqiL3oxNbYvfeSLVd91hOmEjoUqSwN3Z7j1aFedjqWbUA=="
      },
      "NUnit3TestAdapter": {
        "type": "Direct",
        "requested": "[4.5.0, )",
        "resolved": "4.5.0",
        "contentHash": "s8JpqTe9bI2f49Pfr3dFRfoVSuFQyraTj68c3XXjIS/MRGvvkLnrg6RLqnTjdShX+AdFUCCU/4Xex58AdUfs6A=="
      },
      "SimpleExec": {
        "type": "Direct",
        "requested": "[12.0.0, )",
        "resolved": "12.0.0",
        "contentHash": "ptxlWtxC8vM6Y6e3h9ZTxBBkOWnWrm/Sa1HT+2i1xcXY3Hx2hmKDZP5RShPf8Xr9D+ivlrXNy57ktzyH8kyt+Q=="
      },
      "Thoth.Json.Newtonsoft": {
        "type": "Direct",
        "requested": "[0.2.0, )",
        "resolved": "0.2.0",
        "contentHash": "dMQOT6TJftO97c8gHWFegfSw/0/E+VdhGaSkf3e1Ba+DjrAESLA9HMlYyE30x7nhn7w5SfH1WO9YyzSRTV4Ysg==",
        "dependencies": {
          "FSharp.Core": "5.0.0",
          "Fable.Core": "4.1.0",
          "Fable.Package.SDK": "0.1.0",
          "Newtonsoft.Json": "13.0.1",
          "Thoth.Json.Core": "0.3.0"
        }
      },
      "Fable.Core": {
        "type": "Transitive",
        "resolved": "4.1.0",
        "contentHash": "NISAbAVGEcvH2s+vHLSOCzh98xMYx4aIadWacQdWPcQLploxpSQXLEe9SeszUBhbHa73KMiKREsH4/W3q4A4iA=="
      },
      "Fable.Package.SDK": {
        "type": "Transitive",
        "resolved": "0.1.0",
        "contentHash": "wrEcGovUimN0PRGgVHlX/gsqCm5d/p9eOG74iaHoteX2dsFZQ9P7d066LRAl5Gj7GUHy7azLyDE41KFvZx1v9A=="
      },
      "Microsoft.CodeCoverage": {
        "type": "Transitive",
        "resolved": "17.10.0",
        "contentHash": "yC7oSlnR54XO5kOuHlVOKtxomNNN1BWXX8lK1G2jaPXT9sUok7kCOoA4Pgs0qyFaCtMrNsprztYMeoEGqCm4uA=="
      },
      "Microsoft.TestPlatform.ObjectModel": {
        "type": "Transitive",
        "resolved": "17.10.0",
        "contentHash": "KkwhjQevuDj0aBRoPLY6OLAhGqbPUEBuKLbaCs0kUVw29qiOYncdORd4mLVJbn9vGZ7/iFGQ/+AoJl0Tu5Umdg==",
        "dependencies": {
          "System.Reflection.Metadata": "1.6.0"
        }
      },
      "Microsoft.TestPlatform.TestHost": {
        "type": "Transitive",
        "resolved": "17.10.0",
        "contentHash": "LWpMdfqhHvcUkeMCvNYJO8QlPLlYz9XPPb+ZbaXIKhdmjAV0wqTSrTiW5FLaf7RRZT50AQADDOYMOe0HxDxNgA==",
        "dependencies": {
          "Microsoft.TestPlatform.ObjectModel": "17.10.0",
          "Newtonsoft.Json": "13.0.1"
        }
      },
      "Newtonsoft.Json": {
        "type": "Transitive",
        "resolved": "13.0.1",
        "contentHash": "ppPFpBcvxdsfUonNcvITKqLl3bqxWbDCZIzDWHzjpdAHRFfZe0Dw9HmA0+za13IdyrgJwpkDTDA9fHaxOrt20A=="
      },
      "System.Reflection.Metadata": {
        "type": "Transitive",
        "resolved": "1.6.0",
        "contentHash": "COC1aiAJjCoA5GBF+QKL2uLqEBew4JsCkQmoHKbN3TlOZKa2fKLz5CpiRQKDz0RsAOEGsVKqOD5bomsXq/4STQ=="
      },
      "Thoth.Json.Core": {
        "type": "Transitive",
        "resolved": "0.3.0",
        "contentHash": "6JNLVfP7ne16TvgKXpmhQru1VwXs5QGdQ6YZNdAL84e11MvxJFXKlcbNSNRw3dOI3yruYz0OKvpCRaHpV6JGcA==",
        "dependencies": {
          "FSharp.Core": "5.0.0",
          "Fable.Core": "4.1.0",
          "Fable.Package.SDK": "0.1.0"
        }
      }
    }
  }
}